
Microsoft Visual Studio Solution File, Format Version 12.00
# Visual Studio Version 17
Project("{8BC9CEB8-8B4A-11D0-8D11-00A0C91BC942}") = "ALL_BUILD", "ALL_BUILD.vcxproj", "{49D5CD84-413C-3E6D-8C63-5D3D2D576FBC}"
	ProjectSection(ProjectDependencies) = postProject
		{06E86E51-BBC5-35BB-8A9D-9CF124F4755D} = {06E86E51-BBC5-35BB-8A9D-9CF124F4755D}
		{93ABC779-5BEA-333D-9056-A8A302E48BF9} = {93ABC779-5BEA-333D-9056-A8A302E48BF9}
		{E39CB9F4-1BC7-3735-AFA3-E7D2A8D78787} = {E39CB9F4-1BC7-3735-AFA3-E7D2A8D78787}
		{8FE5D0E3-EB0C-3FCC-8557-68B0FCE1752D} = {8FE5D0E3-EB0C-3FCC-8557-68B0FCE1752D}
		{55418E71-E10E-31DD-81C4-C8722B9C0858} = {55418E71-E10E-31DD-81C4-C8722B9C0858}
		{38937B7C-30BB-317E-9851-44BCD89D85EE} = {38937B7C-30BB-317E-9851-44BCD89D85EE}
	EndProjectSection
EndProject
Project("{8BC9CEB8-8B4A-11D0-8D11-00A0C91BC942}") = "INSTALL", "INSTALL.vcxproj", "{319F3F85-D822-3D25-9015-87B752E86D86}"
	ProjectSection(ProjectDependencies) = postProject
		{49D5CD84-413C-3E6D-8C63-5D3D2D576FBC} = {49D5CD84-413C-3E6D-8C63-5D3D2D576FBC}
		{06E86E51-BBC5-35BB-8A9D-9CF124F4755D} = {06E86E51-BBC5-35BB-8A9D-9CF124F4755D}
	EndProjectSection
EndProject
Project("{8BC9CEB8-8B4A-11D0-8D11-00A0C91BC942}") = "ZERO_CHECK", "ZERO_CHECK.vcxproj", "{06E86E51-BBC5-35BB-8A9D-9CF124F4755D}"
	ProjectSection(ProjectDependencies) = postProject
	EndProjectSection
EndProject
Project("{8BC9CEB8-8B4A-11D0-8D11-00A0C91BC942}") = "audioplayers_windows_plugin", "plugins\audioplayers_windows\audioplayers_windows_plugin.vcxproj", "{93ABC779-5BEA-333D-9056-A8A302E48BF9}"
	ProjectSection(ProjectDependencies) = postProject
		{06E86E51-BBC5-35BB-8A9D-9CF124F4755D} = {06E86E51-BBC5-35BB-8A9D-9CF124F4755D}
		{A8F50F88-8AB5-3375-BE95-7A22DBEE5190} = {A8F50F88-8AB5-3375-BE95-7A22DBEE5190}
		{55418E71-E10E-31DD-81C4-C8722B9C0858} = {55418E71-E10E-31DD-81C4-C8722B9C0858}
	EndProjectSection
EndProject
Project("{8BC9CEB8-8B4A-11D0-8D11-00A0C91BC942}") = "desktop_window_plugin", "plugins\desktop_window\desktop_window_plugin.vcxproj", "{E39CB9F4-1BC7-3735-AFA3-E7D2A8D78787}"
	ProjectSection(ProjectDependencies) = postProject
		{06E86E51-BBC5-35BB-8A9D-9CF124F4755D} = {06E86E51-BBC5-35BB-8A9D-9CF124F4755D}
		{A8F50F88-8AB5-3375-BE95-7A22DBEE5190} = {A8F50F88-8AB5-3375-BE95-7A22DBEE5190}
		{55418E71-E10E-31DD-81C4-C8722B9C0858} = {55418E71-E10E-31DD-81C4-C8722B9C0858}
	EndProjectSection
EndProject
Project("{8BC9CEB8-8B4A-11D0-8D11-00A0C91BC942}") = "flutter_assemble", "flutter\flutter_assemble.vcxproj", "{A8F50F88-8AB5-3375-BE95-7A22DBEE5190}"
	ProjectSection(ProjectDependencies) = postProject
		{06E86E51-BBC5-35BB-8A9D-9CF124F4755D} = {06E86E51-BBC5-35BB-8A9D-9CF124F4755D}
	EndProjectSection
EndProject
Project("{8BC9CEB8-8B4A-11D0-8D11-00A0C91BC942}") = "flutter_wrapper_app", "flutter\flutter_wrapper_app.vcxproj", "{8FE5D0E3-EB0C-3FCC-8557-68B0FCE1752D}"
	ProjectSection(ProjectDependencies) = postProject
		{06E86E51-BBC5-35BB-8A9D-9CF124F4755D} = {06E86E51-BBC5-35BB-8A9D-9CF124F4755D}
		{A8F50F88-8AB5-3375-BE95-7A22DBEE5190} = {A8F50F88-8AB5-3375-BE95-7A22DBEE5190}
	EndProjectSection
EndProject
Project("{8BC9CEB8-8B4A-11D0-8D11-00A0C91BC942}") = "flutter_wrapper_plugin", "flutter\flutter_wrapper_plugin.vcxproj", "{55418E71-E10E-31DD-81C4-C8722B9C0858}"
	ProjectSection(ProjectDependencies) = postProject
		{06E86E51-BBC5-35BB-8A9D-9CF124F4755D} = {06E86E51-BBC5-35BB-8A9D-9CF124F4755D}
		{A8F50F88-8AB5-3375-BE95-7A22DBEE5190} = {A8F50F88-8AB5-3375-BE95-7A22DBEE5190}
	EndProjectSection
EndProject
Project("{8BC9CEB8-8B4A-11D0-8D11-00A0C91BC942}") = "multi_timer", "runner\multi_timer.vcxproj", "{38937B7C-30BB-317E-9851-44BCD89D85EE}"
	ProjectSection(ProjectDependencies) = postProject
		{06E86E51-BBC5-35BB-8A9D-9CF124F4755D} = {06E86E51-BBC5-35BB-8A9D-9CF124F4755D}
		{93ABC779-5BEA-333D-9056-A8A302E48BF9} = {93ABC779-5BEA-333D-9056-A8A302E48BF9}
		{E39CB9F4-1BC7-3735-AFA3-E7D2A8D78787} = {E39CB9F4-1BC7-3735-AFA3-E7D2A8D78787}
		{A8F50F88-8AB5-3375-BE95-7A22DBEE5190} = {A8F50F88-8AB5-3375-BE95-7A22DBEE5190}
		{8FE5D0E3-EB0C-3FCC-8557-68B0FCE1752D} = {8FE5D0E3-EB0C-3FCC-8557-68B0FCE1752D}
	EndProjectSection
EndProject
Global
	GlobalSection(SolutionConfigurationPlatforms) = preSolution
		Debug|x64 = Debug|x64
		Profile|x64 = Profile|x64
		Release|x64 = Release|x64
	EndGlobalSection
	GlobalSection(ProjectConfigurationPlatforms) = postSolution
		{49D5CD84-413C-3E6D-8C63-5D3D2D576FBC}.Debug|x64.ActiveCfg = Debug|x64
		{49D5CD84-413C-3E6D-8C63-5D3D2D576FBC}.Debug|x64.Build.0 = Debug|x64
		{49D5CD84-413C-3E6D-8C63-5D3D2D576FBC}.Profile|x64.ActiveCfg = Profile|x64
		{49D5CD84-413C-3E6D-8C63-5D3D2D576FBC}.Profile|x64.Build.0 = Profile|x64
		{49D5CD84-413C-3E6D-8C63-5D3D2D576FBC}.Release|x64.ActiveCfg = Release|x64
		{49D5CD84-413C-3E6D-8C63-5D3D2D576FBC}.Release|x64.Build.0 = Release|x64
		{319F3F85-D822-3D25-9015-87B752E86D86}.Debug|x64.ActiveCfg = Debug|x64
		{319F3F85-D822-3D25-9015-87B752E86D86}.Debug|x64.Build.0 = Debug|x64
		{319F3F85-D822-3D25-9015-87B752E86D86}.Profile|x64.ActiveCfg = Profile|x64
		{319F3F85-D822-3D25-9015-87B752E86D86}.Profile|x64.Build.0 = Profile|x64
		{319F3F85-D822-3D25-9015-87B752E86D86}.Release|x64.ActiveCfg = Release|x64
		{319F3F85-D822-3D25-9015-87B752E86D86}.Release|x64.Build.0 = Release|x64
		{06E86E51-BBC5-35BB-8A9D-9CF124F4755D}.Debug|x64.ActiveCfg = Debug|x64
		{06E86E51-BBC5-35BB-8A9D-9CF124F4755D}.Debug|x64.Build.0 = Debug|x64
		{06E86E51-BBC5-35BB-8A9D-9CF124F4755D}.Profile|x64.ActiveCfg = Profile|x64
		{06E86E51-BBC5-35BB-8A9D-9CF124F4755D}.Profile|x64.Build.0 = Profile|x64
		{06E86E51-BBC5-35BB-8A9D-9CF124F4755D}.Release|x64.ActiveCfg = Release|x64
		{06E86E51-BBC5-35BB-8A9D-9CF124F4755D}.Release|x64.Build.0 = Release|x64
		{93ABC779-5BEA-333D-9056-A8A302E48BF9}.Debug|x64.ActiveCfg = Debug|x64
		{93ABC779-5BEA-333D-9056-A8A302E48BF9}.Debug|x64.Build.0 = Debug|x64
		{93ABC779-5BEA-333D-9056-A8A302E48BF9}.Profile|x64.ActiveCfg = Profile|x64
		{93ABC779-5BEA-333D-9056-A8A302E48BF9}.Profile|x64.Build.0 = Profile|x64
		{93ABC779-5BEA-333D-9056-A8A302E48BF9}.Release|x64.ActiveCfg = Release|x64
		{93ABC779-5BEA-333D-9056-A8A302E48BF9}.Release|x64.Build.0 = Release|x64
		{E39CB9F4-1BC7-3735-AFA3-E7D2A8D78787}.Debug|x64.ActiveCfg = Debug|x64
		{E39CB9F4-1BC7-3735-AFA3-E7D2A8D78787}.Debug|x64.Build.0 = Debug|x64
		{E39CB9F4-1BC7-3735-AFA3-E7D2A8D78787}.Profile|x64.ActiveCfg = Profile|x64
		{E39CB9F4-1BC7-3735-AFA3-E7D2A8D78787}.Profile|x64.Build.0 = Profile|x64
		{E39CB9F4-1BC7-3735-AFA3-E7D2A8D78787}.Release|x64.ActiveCfg = Release|x64
		{E39CB9F4-1BC7-3735-AFA3-E7D2A8D78787}.Release|x64.Build.0 = Release|x64
		{A8F50F88-8AB5-3375-BE95-7A22DBEE5190}.Debug|x64.ActiveCfg = Debug|x64
		{A8F50F88-8AB5-3375-BE95-7A22DBEE5190}.Debug|x64.Build.0 = Debug|x64
		{A8F50F88-8AB5-3375-BE95-7A22DBEE5190}.Profile|x64.ActiveCfg = Profile|x64
		{A8F50F88-8AB5-3375-BE95-7A22DBEE5190}.Profile|x64.Build.0 = Profile|x64
		{A8F50F88-8AB5-3375-BE95-7A22DBEE5190}.Release|x64.ActiveCfg = Release|x64
		{A8F50F88-8AB5-3375-BE95-7A22DBEE5190}.Release|x64.Build.0 = Release|x64
		{8FE5D0E3-EB0C-3FCC-8557-68B0FCE1752D}.Debug|x64.ActiveCfg = Debug|x64
		{8FE5D0E3-EB0C-3FCC-8557-68B0FCE1752D}.Debug|x64.Build.0 = Debug|x64
		{8FE5D0E3-EB0C-3FCC-8557-68B0FCE1752D}.Profile|x64.ActiveCfg = Profile|x64
		{8FE5D0E3-EB0C-3FCC-8557-68B0FCE1752D}.Profile|x64.Build.0 = Profile|x64
		{8FE5D0E3-EB0C-3FCC-8557-68B0FCE1752D}.Release|x64.ActiveCfg = Release|x64
		{8FE5D0E3-EB0C-3FCC-8557-68B0FCE1752D}.Release|x64.Build.0 = Release|x64
		{55418E71-E10E-31DD-81C4-C8722B9C0858}.Debug|x64.ActiveCfg = Debug|x64
		{55418E71-E10E-31DD-81C4-C8722B9C0858}.Debug|x64.Build.0 = Debug|x64
		{55418E71-E10E-31DD-81C4-C8722B9C0858}.Profile|x64.ActiveCfg = Profile|x64
		{55418E71-E10E-31DD-81C4-C8722B9C0858}.Profile|x64.Build.0 = Profile|x64
		{55418E71-E10E-31DD-81C4-C8722B9C0858}.Release|x64.ActiveCfg = Release|x64
		{55418E71-E10E-31DD-81C4-C8722B9C0858}.Release|x64.Build.0 = Release|x64
		{38937B7C-30BB-317E-9851-44BCD89D85EE}.Debug|x64.ActiveCfg = Debug|x64
		{38937B7C-30BB-317E-9851-44BCD89D85EE}.Debug|x64.Build.0 = Debug|x64
		{38937B7C-30BB-317E-9851-44BCD89D85EE}.Profile|x64.ActiveCfg = Profile|x64
		{38937B7C-30BB-317E-9851-44BCD89D85EE}.Profile|x64.Build.0 = Profile|x64
		{38937B7C-30BB-317E-9851-44BCD89D85EE}.Release|x64.ActiveCfg = Release|x64
		{38937B7C-30BB-317E-9851-44BCD89D85EE}.Release|x64.Build.0 = Release|x64
	EndGlobalSection
	GlobalSection(ExtensibilityGlobals) = postSolution
		SolutionGuid = {85E61466-D47A-39D2-A309-E0125B809059}
	EndGlobalSection
	GlobalSection(ExtensibilityAddIns) = postSolution
	EndGlobalSection
EndGlobal
