
Microsoft Visual Studio Solution File, Format Version 12.00
# Visual Studio Version 17
Project("{8BC9CEB8-8B4A-11D0-8D11-00A0C91BC942}") = "ALL_BUILD", "ALL_BUILD.vcxproj", "{49D5CD84-413C-3E6D-8C63-5D3D2D576FBC}"
	ProjectSection(ProjectDependencies) = postProject
		{06E86E51-BBC5-35BB-8A9D-9CF124F4755D} = {06E86E51-BBC5-35BB-8A9D-9CF124F4755D}
		{E39CB9F4-1BC7-3735-AFA3-E7D2A8D78787} = {E39CB9F4-1BC7-3735-AFA3-E7D2A8D78787}
	EndProjectSection
EndProject
Project("{8BC9CEB8-8B4A-11D0-8D11-00A0C91BC942}") = "INSTALL", "INSTALL.vcxproj", "{319F3F85-D822-3D25-9015-87B752E86D86}"
	ProjectSection(ProjectDependencies) = postProject
		{49D5CD84-413C-3E6D-8C63-5D3D2D576FBC} = {49D5CD84-413C-3E6D-8C63-5D3D2D576FBC}
		{06E86E51-BBC5-35BB-8A9D-9CF124F4755D} = {06E86E51-BBC5-35BB-8A9D-9CF124F4755D}
	EndProjectSection
EndProject
Project("{8BC9CEB8-8B4A-11D0-8D11-00A0C91BC942}") = "ZERO_CHECK", "..\..\\ZERO_CHECK.vcxproj", "{06E86E51-BBC5-35BB-8A9D-9CF124F4755D}"
	ProjectSection(ProjectDependencies) = postProject
	EndProjectSection
EndProject
Project("{8BC9CEB8-8B4A-11D0-8D11-00A0C91BC942}") = "desktop_window_plugin", "desktop_window_plugin.vcxproj", "{E39CB9F4-1BC7-3735-AFA3-E7D2A8D78787}"
	ProjectSection(ProjectDependencies) = postProject
		{06E86E51-BBC5-35BB-8A9D-9CF124F4755D} = {06E86E51-BBC5-35BB-8A9D-9CF124F4755D}
		{A8F50F88-8AB5-3375-BE95-7A22DBEE5190} = {A8F50F88-8AB5-3375-BE95-7A22DBEE5190}
		{55418E71-E10E-31DD-81C4-C8722B9C0858} = {55418E71-E10E-31DD-81C4-C8722B9C0858}
	EndProjectSection
EndProject
Project("{8BC9CEB8-8B4A-11D0-8D11-00A0C91BC942}") = "flutter_assemble", "..\..\flutter\flutter_assemble.vcxproj", "{A8F50F88-8AB5-3375-BE95-7A22DBEE5190}"
	ProjectSection(ProjectDependencies) = postProject
		{06E86E51-BBC5-35BB-8A9D-9CF124F4755D} = {06E86E51-BBC5-35BB-8A9D-9CF124F4755D}
	EndProjectSection
EndProject
Project("{8BC9CEB8-8B4A-11D0-8D11-00A0C91BC942}") = "flutter_wrapper_plugin", "..\..\flutter\flutter_wrapper_plugin.vcxproj", "{55418E71-E10E-31DD-81C4-C8722B9C0858}"
	ProjectSection(ProjectDependencies) = postProject
		{06E86E51-BBC5-35BB-8A9D-9CF124F4755D} = {06E86E51-BBC5-35BB-8A9D-9CF124F4755D}
		{A8F50F88-8AB5-3375-BE95-7A22DBEE5190} = {A8F50F88-8AB5-3375-BE95-7A22DBEE5190}
	EndProjectSection
EndProject
Global
	GlobalSection(SolutionConfigurationPlatforms) = preSolution
		Debug|x64 = Debug|x64
		Profile|x64 = Profile|x64
		Release|x64 = Release|x64
	EndGlobalSection
	GlobalSection(ProjectConfigurationPlatforms) = postSolution
		{49D5CD84-413C-3E6D-8C63-5D3D2D576FBC}.Debug|x64.ActiveCfg = Debug|x64
		{49D5CD84-413C-3E6D-8C63-5D3D2D576FBC}.Debug|x64.Build.0 = Debug|x64
		{49D5CD84-413C-3E6D-8C63-5D3D2D576FBC}.Profile|x64.ActiveCfg = Profile|x64
		{49D5CD84-413C-3E6D-8C63-5D3D2D576FBC}.Profile|x64.Build.0 = Profile|x64
		{49D5CD84-413C-3E6D-8C63-5D3D2D576FBC}.Release|x64.ActiveCfg = Release|x64
		{49D5CD84-413C-3E6D-8C63-5D3D2D576FBC}.Release|x64.Build.0 = Release|x64
		{319F3F85-D822-3D25-9015-87B752E86D86}.Debug|x64.ActiveCfg = Debug|x64
		{319F3F85-D822-3D25-9015-87B752E86D86}.Profile|x64.ActiveCfg = Profile|x64
		{319F3F85-D822-3D25-9015-87B752E86D86}.Release|x64.ActiveCfg = Release|x64
		{06E86E51-BBC5-35BB-8A9D-9CF124F4755D}.Debug|x64.ActiveCfg = Debug|x64
		{06E86E51-BBC5-35BB-8A9D-9CF124F4755D}.Debug|x64.Build.0 = Debug|x64
		{06E86E51-BBC5-35BB-8A9D-9CF124F4755D}.Profile|x64.ActiveCfg = Profile|x64
		{06E86E51-BBC5-35BB-8A9D-9CF124F4755D}.Profile|x64.Build.0 = Profile|x64
		{06E86E51-BBC5-35BB-8A9D-9CF124F4755D}.Release|x64.ActiveCfg = Release|x64
		{06E86E51-BBC5-35BB-8A9D-9CF124F4755D}.Release|x64.Build.0 = Release|x64
		{E39CB9F4-1BC7-3735-AFA3-E7D2A8D78787}.Debug|x64.ActiveCfg = Debug|x64
		{E39CB9F4-1BC7-3735-AFA3-E7D2A8D78787}.Debug|x64.Build.0 = Debug|x64
		{E39CB9F4-1BC7-3735-AFA3-E7D2A8D78787}.Profile|x64.ActiveCfg = Profile|x64
		{E39CB9F4-1BC7-3735-AFA3-E7D2A8D78787}.Profile|x64.Build.0 = Profile|x64
		{E39CB9F4-1BC7-3735-AFA3-E7D2A8D78787}.Release|x64.ActiveCfg = Release|x64
		{E39CB9F4-1BC7-3735-AFA3-E7D2A8D78787}.Release|x64.Build.0 = Release|x64
		{A8F50F88-8AB5-3375-BE95-7A22DBEE5190}.Debug|x64.ActiveCfg = Debug|x64
		{A8F50F88-8AB5-3375-BE95-7A22DBEE5190}.Debug|x64.Build.0 = Debug|x64
		{A8F50F88-8AB5-3375-BE95-7A22DBEE5190}.Profile|x64.ActiveCfg = Profile|x64
		{A8F50F88-8AB5-3375-BE95-7A22DBEE5190}.Profile|x64.Build.0 = Profile|x64
		{A8F50F88-8AB5-3375-BE95-7A22DBEE5190}.Release|x64.ActiveCfg = Release|x64
		{A8F50F88-8AB5-3375-BE95-7A22DBEE5190}.Release|x64.Build.0 = Release|x64
		{55418E71-E10E-31DD-81C4-C8722B9C0858}.Debug|x64.ActiveCfg = Debug|x64
		{55418E71-E10E-31DD-81C4-C8722B9C0858}.Debug|x64.Build.0 = Debug|x64
		{55418E71-E10E-31DD-81C4-C8722B9C0858}.Profile|x64.ActiveCfg = Profile|x64
		{55418E71-E10E-31DD-81C4-C8722B9C0858}.Profile|x64.Build.0 = Profile|x64
		{55418E71-E10E-31DD-81C4-C8722B9C0858}.Release|x64.ActiveCfg = Release|x64
		{55418E71-E10E-31DD-81C4-C8722B9C0858}.Release|x64.Build.0 = Release|x64
	EndGlobalSection
	GlobalSection(ExtensibilityGlobals) = postSolution
		SolutionGuid = {AD22BF38-D946-3EC6-B37C-7856395C3172}
	EndGlobalSection
	GlobalSection(ExtensibilityAddIns) = postSolution
	EndGlobalSection
EndGlobal
